
Microsoft Visual Studio Solution File, Format Version 12.00
# Visual Studio Version 16
VisualStudioVersion = 16.0.32602.291
MinimumVisualStudioVersion = 10.0.40219.1
Project("{FAE04EC0-301F-11D3-BF4B-00C04F79EFBC}") = "WebSauce", "WebSauce\WebSauce.csproj", "{48968CCD-20B8-41E1-9AAC-65B2374528DD}"
EndProject
Global
	GlobalSection(SolutionConfigurationPlatforms) = preSolution
		Debug|Any CPU = Debug|Any CPU
		Release|Any CPU = Release|Any CPU
	EndGlobalSection
	GlobalSection(ProjectConfigurationPlatforms) = postSolution
		{48968CCD-20B8-41E1-9AAC-65B2374528DD}.Debug|Any CPU.ActiveCfg = Debug|Any CPU
		{48968CCD-20B8-41E1-9AAC-65B2374528DD}.Debug|Any CPU.Build.0 = Debug|Any CPU
		{48968CCD-20B8-41E1-9AAC-65B2374528DD}.Release|Any CPU.ActiveCfg = Release|Any CPU
		{48968CCD-20B8-41E1-9AAC-65B2374528DD}.Release|Any CPU.Build.0 = Release|Any CPU
	EndGlobalSection
	GlobalSection(SolutionProperties) = preSolution
		HideSolutionNode = FALSE
	EndGlobalSection
	GlobalSection(ExtensibilityGlobals) = postSolution
		SolutionGuid = {167C3FC6-4495-48BD-B842-458969648310}
	EndGlobalSection
EndGlobal
